
Microsoft Visual Studio Solution File, Format Version 12.00
# Visual Studio Version 17
VisualStudioVersion = 17.11.35327.3
MinimumVisualStudioVersion = 10.0.40219.1
Project("{9A19103F-16F7-4668-BE54-9A1E7A4F7556}") = "SEDP", "SEDP\SEDP.csproj", "{58DFDDA9-9910-4845-9879-1387566FC3E9}"
EndProject
Project("{9A19103F-16F7-4668-BE54-9A1E7A4F7556}") = "Software Test", "Software Test\Software Test.csproj", "{8313F812-4A56-4C38-BF36-7322615D61C4}"
EndProject
Project("{2150E333-8FDC-42A3-9474-1A3956D46DE8}") = "Data Storage Layer", "Data Storage Layer", "{C7308902-082E-4904-A0CF-EBBE10440C1D}"
	ProjectSection(SolutionItems) = preProject
		SEDP\bin\Debug\net8.0\Tour Info.xml = SEDP\bin\Debug\net8.0\Tour Info.xml
	EndProjectSection
EndProject
Global
	GlobalSection(SolutionConfigurationPlatforms) = preSolution
		Debug|Any CPU = Debug|Any CPU
		Release|Any CPU = Release|Any CPU
	EndGlobalSection
	GlobalSection(ProjectConfigurationPlatforms) = postSolution
		{58DFDDA9-9910-4845-9879-1387566FC3E9}.Debug|Any CPU.ActiveCfg = Debug|Any CPU
		{58DFDDA9-9910-4845-9879-1387566FC3E9}.Debug|Any CPU.Build.0 = Debug|Any CPU
		{58DFDDA9-9910-4845-9879-1387566FC3E9}.Release|Any CPU.ActiveCfg = Release|Any CPU
		{58DFDDA9-9910-4845-9879-1387566FC3E9}.Release|Any CPU.Build.0 = Release|Any CPU
		{8313F812-4A56-4C38-BF36-7322615D61C4}.Debug|Any CPU.ActiveCfg = Debug|Any CPU
		{8313F812-4A56-4C38-BF36-7322615D61C4}.Debug|Any CPU.Build.0 = Debug|Any CPU
		{8313F812-4A56-4C38-BF36-7322615D61C4}.Release|Any CPU.ActiveCfg = Release|Any CPU
		{8313F812-4A56-4C38-BF36-7322615D61C4}.Release|Any CPU.Build.0 = Release|Any CPU
	EndGlobalSection
	GlobalSection(SolutionProperties) = preSolution
		HideSolutionNode = FALSE
	EndGlobalSection
	GlobalSection(ExtensibilityGlobals) = postSolution
		SolutionGuid = {E3C3A096-7CE0-40D4-8DA0-728286381EB7}
	EndGlobalSection
EndGlobal
